
Microsoft Visual Studio Solution File, Format Version 12.00
# Visual Studio Version 17
VisualStudioVersion = 17.13.35825.156 d17.13
MinimumVisualStudioVersion = 10.0.40219.1
Project("{FAE04EC0-301F-11D3-BF4B-00C04F79EFBC}") = "PastebinBackend", "PastebinBackend\PastebinBackend.csproj", "{8A779949-C6D6-41E6-A746-1392D1815890}"
EndProject
Global
	GlobalSection(SolutionConfigurationPlatforms) = preSolution
		Debug|Any CPU = Debug|Any CPU
		Release|Any CPU = Release|Any CPU
	EndGlobalSection
	GlobalSection(ProjectConfigurationPlatforms) = postSolution
		{8A779949-C6D6-41E6-A746-1392D1815890}.Debug|Any CPU.ActiveCfg = Debug|Any CPU
		{8A779949-C6D6-41E6-A746-1392D1815890}.Debug|Any CPU.Build.0 = Debug|Any CPU
		{8A779949-C6D6-41E6-A746-1392D1815890}.Release|Any CPU.ActiveCfg = Release|Any CPU
		{8A779949-C6D6-41E6-A746-1392D1815890}.Release|Any CPU.Build.0 = Release|Any CPU
	EndGlobalSection
	GlobalSection(SolutionProperties) = preSolution
		HideSolutionNode = FALSE
	EndGlobalSection
	GlobalSection(ExtensibilityGlobals) = postSolution
		SolutionGuid = {468E333C-E20B-4825-AB9D-5E6649EEF1E1}
	EndGlobalSection
EndGlobal
